
Microsoft Visual Studio Solution File, Format Version 12.00
# Visual Studio Version 17
VisualStudioVersion = 17.0.32112.339
MinimumVisualStudioVersion = 10.0.40219.1
Project("{FAE04EC0-301F-11D3-BF4B-00C04F79EFBC}") = "CoubDownloader", "CoubDownloader\CoubDownloader.csproj", "{15A5FEB9-E46E-4E1D-8AF5-1345E45870FF}"
EndProject
Global
	GlobalSection(SolutionConfigurationPlatforms) = preSolution
		Debug|Any CPU = Debug|Any CPU
		Release|Any CPU = Release|Any CPU
	EndGlobalSection
	GlobalSection(ProjectConfigurationPlatforms) = postSolution
		{15A5FEB9-E46E-4E1D-8AF5-1345E45870FF}.Debug|Any CPU.ActiveCfg = Debug|Any CPU
		{15A5FEB9-E46E-4E1D-8AF5-1345E45870FF}.Debug|Any CPU.Build.0 = Debug|Any CPU
		{15A5FEB9-E46E-4E1D-8AF5-1345E45870FF}.Release|Any CPU.ActiveCfg = Release|Any CPU
		{15A5FEB9-E46E-4E1D-8AF5-1345E45870FF}.Release|Any CPU.Build.0 = Release|Any CPU
	EndGlobalSection
	GlobalSection(SolutionProperties) = preSolution
		HideSolutionNode = FALSE
	EndGlobalSection
	GlobalSection(ExtensibilityGlobals) = postSolution
		SolutionGuid = {72B92F65-E672-41FD-BF4C-87E6E1FD4D23}
	EndGlobalSection
EndGlobal
